
Microsoft Visual Studio Solution File, Format Version 12.00
# Visual Studio Version 16
VisualStudioVersion = 16.0.29230.61
MinimumVisualStudioVersion = 10.0.40219.1
Project("{9A19103F-16F7-4668-BE54-9A1E7A4F7556}") = "MonitoringSys", "MonitoringSys\MonitoringSys.csproj", "{A7EECDBA-B725-40DC-9241-58189B0E38C1}"
EndProject
Project("{9A19103F-16F7-4668-BE54-9A1E7A4F7556}") = "MonitoringSys.DATA", "MonitoringSys.DATA\MonitoringSys.DATA.csproj", "{127B2CBE-1AA8-4573-B0C6-B2F8E7E50ED2}"
EndProject
Project("{9A19103F-16F7-4668-BE54-9A1E7A4F7556}") = "MonitoringSys.Models", "MonitoringSys.Models\MonitoringSys.Models.csproj", "{439B9B89-66E9-4BB6-BFB6-C2980D0EB6F5}"
EndProject
Project("{9A19103F-16F7-4668-BE54-9A1E7A4F7556}") = "MonitoringSys.Services", "MonitoringSys.Services\MonitoringSys.Services.csproj", "{EA7AA339-D71E-45B3-8DD5-0F8AADA6C843}"
EndProject
Project("{9A19103F-16F7-4668-BE54-9A1E7A4F7556}") = "MonitoringSys.Repositories", "MonitoringSys.Repositories\MonitoringSys.Repositories.csproj", "{83316DE1-EEB7-4E78-B263-7176BB8730AB}"
EndProject
Project("{9A19103F-16F7-4668-BE54-9A1E7A4F7556}") = "MonitoringSys.Angular", "MonitoringSys.Angular\MonitoringSys.Angular.csproj", "{78C634F7-8F51-45A8-A590-070CFD8AFE8C}"
EndProject
Project("{9A19103F-16F7-4668-BE54-9A1E7A4F7556}") = "MonitoringSys.Tests", "MonitoringSys.Tests\MonitoringSys.Tests.csproj", "{F83F588C-7121-4FDE-BB2B-F68F9301952E}"
EndProject
Project("{2150E333-8FDC-42A3-9474-1A3956D46DE8}") = "Test", "Test", "{16383EE7-2507-43CF-8F9B-4DBFD3CDA611}"
EndProject
Global
	GlobalSection(SolutionConfigurationPlatforms) = preSolution
		Debug|Any CPU = Debug|Any CPU
		Release|Any CPU = Release|Any CPU
	EndGlobalSection
	GlobalSection(ProjectConfigurationPlatforms) = postSolution
		{A7EECDBA-B725-40DC-9241-58189B0E38C1}.Debug|Any CPU.ActiveCfg = Debug|Any CPU
		{A7EECDBA-B725-40DC-9241-58189B0E38C1}.Debug|Any CPU.Build.0 = Debug|Any CPU
		{A7EECDBA-B725-40DC-9241-58189B0E38C1}.Release|Any CPU.ActiveCfg = Release|Any CPU
		{A7EECDBA-B725-40DC-9241-58189B0E38C1}.Release|Any CPU.Build.0 = Release|Any CPU
		{127B2CBE-1AA8-4573-B0C6-B2F8E7E50ED2}.Debug|Any CPU.ActiveCfg = Debug|Any CPU
		{127B2CBE-1AA8-4573-B0C6-B2F8E7E50ED2}.Debug|Any CPU.Build.0 = Debug|Any CPU
		{127B2CBE-1AA8-4573-B0C6-B2F8E7E50ED2}.Release|Any CPU.ActiveCfg = Release|Any CPU
		{127B2CBE-1AA8-4573-B0C6-B2F8E7E50ED2}.Release|Any CPU.Build.0 = Release|Any CPU
		{439B9B89-66E9-4BB6-BFB6-C2980D0EB6F5}.Debug|Any CPU.ActiveCfg = Debug|Any CPU
		{439B9B89-66E9-4BB6-BFB6-C2980D0EB6F5}.Debug|Any CPU.Build.0 = Debug|Any CPU
		{439B9B89-66E9-4BB6-BFB6-C2980D0EB6F5}.Release|Any CPU.ActiveCfg = Release|Any CPU
		{439B9B89-66E9-4BB6-BFB6-C2980D0EB6F5}.Release|Any CPU.Build.0 = Release|Any CPU
		{EA7AA339-D71E-45B3-8DD5-0F8AADA6C843}.Debug|Any CPU.ActiveCfg = Debug|Any CPU
		{EA7AA339-D71E-45B3-8DD5-0F8AADA6C843}.Debug|Any CPU.Build.0 = Debug|Any CPU
		{EA7AA339-D71E-45B3-8DD5-0F8AADA6C843}.Release|Any CPU.ActiveCfg = Release|Any CPU
		{EA7AA339-D71E-45B3-8DD5-0F8AADA6C843}.Release|Any CPU.Build.0 = Release|Any CPU
		{83316DE1-EEB7-4E78-B263-7176BB8730AB}.Debug|Any CPU.ActiveCfg = Debug|Any CPU
		{83316DE1-EEB7-4E78-B263-7176BB8730AB}.Debug|Any CPU.Build.0 = Debug|Any CPU
		{83316DE1-EEB7-4E78-B263-7176BB8730AB}.Release|Any CPU.ActiveCfg = Release|Any CPU
		{83316DE1-EEB7-4E78-B263-7176BB8730AB}.Release|Any CPU.Build.0 = Release|Any CPU
		{78C634F7-8F51-45A8-A590-070CFD8AFE8C}.Debug|Any CPU.ActiveCfg = Debug|Any CPU
		{78C634F7-8F51-45A8-A590-070CFD8AFE8C}.Debug|Any CPU.Build.0 = Debug|Any CPU
		{78C634F7-8F51-45A8-A590-070CFD8AFE8C}.Release|Any CPU.ActiveCfg = Release|Any CPU
		{78C634F7-8F51-45A8-A590-070CFD8AFE8C}.Release|Any CPU.Build.0 = Release|Any CPU
		{F83F588C-7121-4FDE-BB2B-F68F9301952E}.Debug|Any CPU.ActiveCfg = Debug|Any CPU
		{F83F588C-7121-4FDE-BB2B-F68F9301952E}.Debug|Any CPU.Build.0 = Debug|Any CPU
		{F83F588C-7121-4FDE-BB2B-F68F9301952E}.Release|Any CPU.ActiveCfg = Release|Any CPU
		{F83F588C-7121-4FDE-BB2B-F68F9301952E}.Release|Any CPU.Build.0 = Release|Any CPU
	EndGlobalSection
	GlobalSection(SolutionProperties) = preSolution
		HideSolutionNode = FALSE
	EndGlobalSection
	GlobalSection(NestedProjects) = preSolution
		{F83F588C-7121-4FDE-BB2B-F68F9301952E} = {16383EE7-2507-43CF-8F9B-4DBFD3CDA611}
	EndGlobalSection
	GlobalSection(ExtensibilityGlobals) = postSolution
		SolutionGuid = {C9031CA7-909E-4D77-853E-D041F4EFC716}
	EndGlobalSection
EndGlobal
